
Microsoft Visual Studio Solution File, Format Version 12.00
# Visual Studio Version 16
VisualStudioVersion = 16.0.30611.23
MinimumVisualStudioVersion = 10.0.40219.1
Project("{FAE04EC0-301F-11D3-BF4B-00C04F79EFBC}") = "SpaceXTunes.api", "SpaceXTunes.api\SpaceXTunes.api.csproj", "{E1015262-E441-423C-BB03-212C45A47FFF}"
EndProject
Project("{FAE04EC0-301F-11D3-BF4B-00C04F79EFBC}") = "SpaceXTunes.Core", "SpaceXTunes.Core\SpaceXTunes.Core.csproj", "{D9DECEBF-B2B9-4E50-AC57-C42F267B96BF}"
EndProject
Project("{FAE04EC0-301F-11D3-BF4B-00C04F79EFBC}") = "SpaceXTunes.Infrastructure", "SpaceXTunes.Infrastructure\SpaceXTunes.Infrastructure.csproj", "{D250DC4C-F3A9-44E6-9A6F-049CB165B51E}"
EndProject
Global
	GlobalSection(SolutionConfigurationPlatforms) = preSolution
		Debug|Any CPU = Debug|Any CPU
		Release|Any CPU = Release|Any CPU
	EndGlobalSection
	GlobalSection(ProjectConfigurationPlatforms) = postSolution
		{E1015262-E441-423C-BB03-212C45A47FFF}.Debug|Any CPU.ActiveCfg = Debug|Any CPU
		{E1015262-E441-423C-BB03-212C45A47FFF}.Debug|Any CPU.Build.0 = Debug|Any CPU
		{E1015262-E441-423C-BB03-212C45A47FFF}.Release|Any CPU.ActiveCfg = Release|Any CPU
		{E1015262-E441-423C-BB03-212C45A47FFF}.Release|Any CPU.Build.0 = Release|Any CPU
		{D9DECEBF-B2B9-4E50-AC57-C42F267B96BF}.Debug|Any CPU.ActiveCfg = Debug|Any CPU
		{D9DECEBF-B2B9-4E50-AC57-C42F267B96BF}.Debug|Any CPU.Build.0 = Debug|Any CPU
		{D9DECEBF-B2B9-4E50-AC57-C42F267B96BF}.Release|Any CPU.ActiveCfg = Release|Any CPU
		{D9DECEBF-B2B9-4E50-AC57-C42F267B96BF}.Release|Any CPU.Build.0 = Release|Any CPU
		{D250DC4C-F3A9-44E6-9A6F-049CB165B51E}.Debug|Any CPU.ActiveCfg = Debug|Any CPU
		{D250DC4C-F3A9-44E6-9A6F-049CB165B51E}.Debug|Any CPU.Build.0 = Debug|Any CPU
		{D250DC4C-F3A9-44E6-9A6F-049CB165B51E}.Release|Any CPU.ActiveCfg = Release|Any CPU
		{D250DC4C-F3A9-44E6-9A6F-049CB165B51E}.Release|Any CPU.Build.0 = Release|Any CPU
	EndGlobalSection
	GlobalSection(SolutionProperties) = preSolution
		HideSolutionNode = FALSE
	EndGlobalSection
	GlobalSection(ExtensibilityGlobals) = postSolution
		SolutionGuid = {3F0924E8-B41B-402D-AEA9-E3C264099FAA}
	EndGlobalSection
EndGlobal
