
Microsoft Visual Studio Solution File, Format Version 12.00
# Visual Studio Version 16
VisualStudioVersion = 16.0.30611.23
MinimumVisualStudioVersion = 10.0.40219.1
Project("{9A19103F-16F7-4668-BE54-9A1E7A4F7556}") = "GroceryStore.api", "GroceryStore.api\GroceryStore.api.csproj", "{E767EE03-6D9F-4802-8B82-2467F147D06C}"
EndProject
Project("{9A19103F-16F7-4668-BE54-9A1E7A4F7556}") = "GroceryStore.Core", "GroceryStore.Core\GroceryStore.Core.csproj", "{B6262215-428A-4801-A79A-A8C7EAE8C1F7}"
EndProject
Project("{9A19103F-16F7-4668-BE54-9A1E7A4F7556}") = "GroceryStore.Infrastructure", "GroceryStore.Infrastructure\GroceryStore.Infrastructure.csproj", "{7FDAB430-4D04-4C78-8B9D-389EE675161C}"
EndProject
Project("{FAE04EC0-301F-11D3-BF4B-00C04F79EFBC}") = "GroceryStore.XUnitTest", "GroceryStore.XUnitTest\GroceryStore.XUnitTest.csproj", "{0021942D-35F9-4FAD-A716-5CB6ECB04392}"
EndProject
Global
	GlobalSection(SolutionConfigurationPlatforms) = preSolution
		Debug|Any CPU = Debug|Any CPU
		Release|Any CPU = Release|Any CPU
	EndGlobalSection
	GlobalSection(ProjectConfigurationPlatforms) = postSolution
		{E767EE03-6D9F-4802-8B82-2467F147D06C}.Debug|Any CPU.ActiveCfg = Debug|Any CPU
		{E767EE03-6D9F-4802-8B82-2467F147D06C}.Debug|Any CPU.Build.0 = Debug|Any CPU
		{E767EE03-6D9F-4802-8B82-2467F147D06C}.Release|Any CPU.ActiveCfg = Release|Any CPU
		{E767EE03-6D9F-4802-8B82-2467F147D06C}.Release|Any CPU.Build.0 = Release|Any CPU
		{B6262215-428A-4801-A79A-A8C7EAE8C1F7}.Debug|Any CPU.ActiveCfg = Debug|Any CPU
		{B6262215-428A-4801-A79A-A8C7EAE8C1F7}.Debug|Any CPU.Build.0 = Debug|Any CPU
		{B6262215-428A-4801-A79A-A8C7EAE8C1F7}.Release|Any CPU.ActiveCfg = Release|Any CPU
		{B6262215-428A-4801-A79A-A8C7EAE8C1F7}.Release|Any CPU.Build.0 = Release|Any CPU
		{7FDAB430-4D04-4C78-8B9D-389EE675161C}.Debug|Any CPU.ActiveCfg = Debug|Any CPU
		{7FDAB430-4D04-4C78-8B9D-389EE675161C}.Debug|Any CPU.Build.0 = Debug|Any CPU
		{7FDAB430-4D04-4C78-8B9D-389EE675161C}.Release|Any CPU.ActiveCfg = Release|Any CPU
		{7FDAB430-4D04-4C78-8B9D-389EE675161C}.Release|Any CPU.Build.0 = Release|Any CPU
		{0021942D-35F9-4FAD-A716-5CB6ECB04392}.Debug|Any CPU.ActiveCfg = Debug|Any CPU
		{0021942D-35F9-4FAD-A716-5CB6ECB04392}.Debug|Any CPU.Build.0 = Debug|Any CPU
		{0021942D-35F9-4FAD-A716-5CB6ECB04392}.Release|Any CPU.ActiveCfg = Release|Any CPU
		{0021942D-35F9-4FAD-A716-5CB6ECB04392}.Release|Any CPU.Build.0 = Release|Any CPU
	EndGlobalSection
	GlobalSection(SolutionProperties) = preSolution
		HideSolutionNode = FALSE
	EndGlobalSection
	GlobalSection(ExtensibilityGlobals) = postSolution
		SolutionGuid = {ECCA118F-FCB5-4955-BBA1-1C6C127653F5}
	EndGlobalSection
EndGlobal
