
Microsoft Visual Studio Solution File, Format Version 12.00
Project("{2150E333-8FDC-42A3-9474-1A3956D46DE8}") = "src", "src", "{81BF11EF-E2AE-45F3-B2AD-9E494D3D58EF}"
EndProject
Project("{2150E333-8FDC-42A3-9474-1A3956D46DE8}") = "tests", "tests", "{A96F502F-2B8D-4326-AE8F-286C80E96108}"
EndProject
Project("{FAE04EC0-301F-11D3-BF4B-00C04F79EFBC}") = "Api", "src\Api\Api.csproj", "{72670000-81E4-4421-AA71-9795A851570F}"
EndProject
Project("{FAE04EC0-301F-11D3-BF4B-00C04F79EFBC}") = "Core", "src\Core\Core.csproj", "{8694FDB5-77FA-4F05-BBCD-53398AF2867D}"
EndProject
Project("{FAE04EC0-301F-11D3-BF4B-00C04F79EFBC}") = "Data", "src\Data\Data.csproj", "{EBD3668F-8E7A-4A7D-91AD-513FFABD0EAD}"
EndProject
Project("{FAE04EC0-301F-11D3-BF4B-00C04F79EFBC}") = "Domain", "src\Domain\Domain.csproj", "{2D968A04-C00E-4AE4-8003-BE82CEF3985C}"
EndProject
Project("{FAE04EC0-301F-11D3-BF4B-00C04F79EFBC}") = "Infrastructure", "src\Infrastructure\Infrastructure.csproj", "{4FB7235F-7680-4905-8C4E-D550C9DC1174}"
EndProject
Project("{FAE04EC0-301F-11D3-BF4B-00C04F79EFBC}") = "ApiTests", "tests\ApiTests\ApiTests.csproj", "{6B16C779-C077-4A38-A578-F9C83E2BC586}"
EndProject
Project("{FAE04EC0-301F-11D3-BF4B-00C04F79EFBC}") = "CoreTests", "tests\CoreTests\CoreTests.csproj", "{537D1FB4-A31B-4920-BF6E-3C2EDAD3DC99}"
EndProject
Project("{FAE04EC0-301F-11D3-BF4B-00C04F79EFBC}") = "DataTests", "tests\DataTests\DataTests.csproj", "{03EA6BF1-C5A9-4E20-A522-ADF14D19789A}"
EndProject
Global
	GlobalSection(SolutionConfigurationPlatforms) = preSolution
		Debug|Any CPU = Debug|Any CPU
		Release|Any CPU = Release|Any CPU
	EndGlobalSection
	GlobalSection(NestedProjects) = preSolution
		{72670000-81E4-4421-AA71-9795A851570F} = {81BF11EF-E2AE-45F3-B2AD-9E494D3D58EF}
		{8694FDB5-77FA-4F05-BBCD-53398AF2867D} = {81BF11EF-E2AE-45F3-B2AD-9E494D3D58EF}
		{EBD3668F-8E7A-4A7D-91AD-513FFABD0EAD} = {81BF11EF-E2AE-45F3-B2AD-9E494D3D58EF}
		{2D968A04-C00E-4AE4-8003-BE82CEF3985C} = {81BF11EF-E2AE-45F3-B2AD-9E494D3D58EF}
		{4FB7235F-7680-4905-8C4E-D550C9DC1174} = {81BF11EF-E2AE-45F3-B2AD-9E494D3D58EF}
		{6B16C779-C077-4A38-A578-F9C83E2BC586} = {A96F502F-2B8D-4326-AE8F-286C80E96108}
		{537D1FB4-A31B-4920-BF6E-3C2EDAD3DC99} = {A96F502F-2B8D-4326-AE8F-286C80E96108}
		{03EA6BF1-C5A9-4E20-A522-ADF14D19789A} = {A96F502F-2B8D-4326-AE8F-286C80E96108}
	EndGlobalSection
	GlobalSection(ProjectConfigurationPlatforms) = postSolution
		{72670000-81E4-4421-AA71-9795A851570F}.Debug|Any CPU.ActiveCfg = Debug|Any CPU
		{72670000-81E4-4421-AA71-9795A851570F}.Debug|Any CPU.Build.0 = Debug|Any CPU
		{72670000-81E4-4421-AA71-9795A851570F}.Release|Any CPU.ActiveCfg = Release|Any CPU
		{72670000-81E4-4421-AA71-9795A851570F}.Release|Any CPU.Build.0 = Release|Any CPU
		{8694FDB5-77FA-4F05-BBCD-53398AF2867D}.Debug|Any CPU.ActiveCfg = Debug|Any CPU
		{8694FDB5-77FA-4F05-BBCD-53398AF2867D}.Debug|Any CPU.Build.0 = Debug|Any CPU
		{8694FDB5-77FA-4F05-BBCD-53398AF2867D}.Release|Any CPU.ActiveCfg = Release|Any CPU
		{8694FDB5-77FA-4F05-BBCD-53398AF2867D}.Release|Any CPU.Build.0 = Release|Any CPU
		{EBD3668F-8E7A-4A7D-91AD-513FFABD0EAD}.Debug|Any CPU.ActiveCfg = Debug|Any CPU
		{EBD3668F-8E7A-4A7D-91AD-513FFABD0EAD}.Debug|Any CPU.Build.0 = Debug|Any CPU
		{EBD3668F-8E7A-4A7D-91AD-513FFABD0EAD}.Release|Any CPU.ActiveCfg = Release|Any CPU
		{EBD3668F-8E7A-4A7D-91AD-513FFABD0EAD}.Release|Any CPU.Build.0 = Release|Any CPU
		{2D968A04-C00E-4AE4-8003-BE82CEF3985C}.Debug|Any CPU.ActiveCfg = Debug|Any CPU
		{2D968A04-C00E-4AE4-8003-BE82CEF3985C}.Debug|Any CPU.Build.0 = Debug|Any CPU
		{2D968A04-C00E-4AE4-8003-BE82CEF3985C}.Release|Any CPU.ActiveCfg = Release|Any CPU
		{2D968A04-C00E-4AE4-8003-BE82CEF3985C}.Release|Any CPU.Build.0 = Release|Any CPU
		{4FB7235F-7680-4905-8C4E-D550C9DC1174}.Debug|Any CPU.ActiveCfg = Debug|Any CPU
		{4FB7235F-7680-4905-8C4E-D550C9DC1174}.Debug|Any CPU.Build.0 = Debug|Any CPU
		{4FB7235F-7680-4905-8C4E-D550C9DC1174}.Release|Any CPU.ActiveCfg = Release|Any CPU
		{4FB7235F-7680-4905-8C4E-D550C9DC1174}.Release|Any CPU.Build.0 = Release|Any CPU
		{6B16C779-C077-4A38-A578-F9C83E2BC586}.Debug|Any CPU.ActiveCfg = Debug|Any CPU
		{6B16C779-C077-4A38-A578-F9C83E2BC586}.Debug|Any CPU.Build.0 = Debug|Any CPU
		{6B16C779-C077-4A38-A578-F9C83E2BC586}.Release|Any CPU.ActiveCfg = Release|Any CPU
		{6B16C779-C077-4A38-A578-F9C83E2BC586}.Release|Any CPU.Build.0 = Release|Any CPU
		{537D1FB4-A31B-4920-BF6E-3C2EDAD3DC99}.Debug|Any CPU.ActiveCfg = Debug|Any CPU
		{537D1FB4-A31B-4920-BF6E-3C2EDAD3DC99}.Debug|Any CPU.Build.0 = Debug|Any CPU
		{537D1FB4-A31B-4920-BF6E-3C2EDAD3DC99}.Release|Any CPU.ActiveCfg = Release|Any CPU
		{537D1FB4-A31B-4920-BF6E-3C2EDAD3DC99}.Release|Any CPU.Build.0 = Release|Any CPU
		{03EA6BF1-C5A9-4E20-A522-ADF14D19789A}.Debug|Any CPU.ActiveCfg = Debug|Any CPU
		{03EA6BF1-C5A9-4E20-A522-ADF14D19789A}.Debug|Any CPU.Build.0 = Debug|Any CPU
		{03EA6BF1-C5A9-4E20-A522-ADF14D19789A}.Release|Any CPU.ActiveCfg = Release|Any CPU
		{03EA6BF1-C5A9-4E20-A522-ADF14D19789A}.Release|Any CPU.Build.0 = Release|Any CPU
	EndGlobalSection
EndGlobal
